{
	"name": "app-router",
	"version": "1.0.0",
	"lockfileVersion": 3,
	"requires": true,
	"packages": {
		"": {
			"name": "app-router",
			"version": "1.0.0",
			"license": "ISC",
			"dependencies": {
				"@descope/nextjs-sdk": "0.0.3-alpha.0",
				"next": "^13.5.3",
				"react": "^18.2.0",
				"react-dom": "^18.2.0"
			},
			"devDependencies": {
				"@types/node": "^20.11.16",
				"typescript": "5.3.3"
			}
		},
		"../..": {
			"name": "@descope/nextjs-sdk",
			"version": "0.0.1",
			"extraneous": true,
			"license": "MIT",
			"dependencies": {
				"@descope/node-sdk": "1.6.2",
				"@descope/react-sdk": "0.0.0-next-c9382464-20240206"
			},
			"devDependencies": {
				"@babel/core": "7.22.10",
				"@babel/preset-env": "7.22.10",
				"@babel/preset-react": "7.22.5",
				"@babel/preset-typescript": "7.22.5",
				"@open-wc/rollup-plugin-html": "^1.2.5",
				"@rollup/plugin-commonjs": "^25.0.5",
				"@rollup/plugin-node-resolve": "^15.2.3",
				"@rollup/plugin-replace": "^5.0.0",
				"@rollup/plugin-typescript": "^8.3.0",
				"@swc/core": "^1.3.92",
				"@types/jest": "^27.0.2",
				"@types/react": "17.0.60",
				"@types/react-dom": "18.2.7",
				"@types/react-router-dom": "^5.3.3",
				"babel-jest": "27.5.1",
				"eslint": "8.47.0",
				"eslint-config-airbnb": "19.0.4",
				"eslint-config-airbnb-typescript": "17.1.0",
				"eslint-config-prettier": "8.10.0",
				"eslint-config-standard": "17.1.0",
				"eslint-import-resolver-typescript": "2.7.1",
				"eslint-plugin-import": "2.28.1",
				"eslint-plugin-jest": "27.2.3",
				"eslint-plugin-jest-dom": "4.0.3",
				"eslint-plugin-jest-formatting": "3.1.0",
				"eslint-plugin-jsx-a11y": "6.7.1",
				"eslint-plugin-n": "15.7.0",
				"eslint-plugin-no-only-tests": "3.1.0",
				"eslint-plugin-prefer-arrow": "1.2.3",
				"eslint-plugin-prettier": "4.2.1",
				"eslint-plugin-promise": "6.1.1",
				"eslint-plugin-react": "7.33.2",
				"eslint-plugin-react-hooks": "4.6.0",
				"eslint-plugin-testing-library": "5.11.1",
				"git-format-staged": "^3.0.0",
				"husky": "^8.0.0",
				"jest": "^27.3.1",
				"jest-extended": "^3.2.2",
				"lint-staged": "^13.0.3",
				"next": "^13.4.19",
				"rollup": "^2.62.0",
				"rollup-plugin-auto-external": "^2.0.0",
				"rollup-plugin-browsersync": "^1.3.3",
				"rollup-plugin-define": "^1.0.1",
				"rollup-plugin-delete": "^2.0.0",
				"rollup-plugin-dotenv": "^0.5.0",
				"rollup-plugin-dts": "^4.2.2",
				"rollup-plugin-livereload": "^2.0.5",
				"rollup-plugin-preserve-directives": "^0.2.0",
				"rollup-plugin-serve": "^2.0.0",
				"rollup-plugin-swc3": "^0.10.2",
				"rollup-plugin-terser": "^7.0.2",
				"rollup-swc-preserve-directives": "^0.5.0",
				"ts-jest": "^27.0.7",
				"typescript": "^4.5.3"
			},
			"optionalDependencies": {
				"@descope/web-js-sdk": ">=1"
			},
			"peerDependencies": {
				"@types/react": ">=18",
				"next": ">=13",
				"react": ">=18"
			}
		},
		"node_modules/@descope/core-js-sdk": {
			"version": "2.5.1",
			"resolved": "https://registry.npmjs.org/@descope/core-js-sdk/-/core-js-sdk-2.5.1.tgz",
			"integrity": "sha512-fpTmCVS3fOpYOWBt/5xJ1h8B4edu5mHwpsBzuJgmeW+4BqYK9dzwSCZia+vPAbNIbFBL18ar1yILMIeARNw4EA==",
			"dependencies": {
				"jwt-decode": "3.1.2",
				"lodash.get": "4.4.2"
			}
		},
		"node_modules/@descope/nextjs-sdk": {
			"version": "0.0.3-alpha.0",
			"resolved": "https://registry.npmjs.org/@descope/nextjs-sdk/-/nextjs-sdk-0.0.3-alpha.0.tgz",
			"integrity": "sha512-SjpnbQaBCIGvfq8iP6h3KL3iI4jsO/JFjnBe0ulNsEAfx1Ky/yuqCInctnIjMoYan+dkRPEq8OzhtKlt5PH1dw==",
			"dependencies": {
				"@descope/node-sdk": "1.6.2",
				"@descope/react-sdk": "0.0.0-next-c9382464-20240206"
			},
			"engines": {
				"node": "^18 || ^20"
			},
			"optionalDependencies": {
				"@descope/web-js-sdk": ">=1"
			},
			"peerDependencies": {
				"@types/react": ">=18",
				"next": ">=13",
				"react": ">=18"
			}
		},
		"node_modules/@descope/node-sdk": {
			"version": "1.6.2",
			"resolved": "https://registry.npmjs.org/@descope/node-sdk/-/node-sdk-1.6.2.tgz",
			"integrity": "sha512-4TNq/Bb2UrhE22js6qiRTVM36qyh8YyV96YSayC3eLxDnZYiufayV3vKfpsXuKPv2wbOhJ2a6TGAKt2Vzh6TZA==",
			"dependencies": {
				"@descope/core-js-sdk": "2.5.1",
				"cross-fetch": "^4.0.0",
				"jose": "4.15.4",
				"tslib": "^1.14.1"
			},
			"engines": {
				"node": ">= 12.0.0"
			}
		},
		"node_modules/@descope/node-sdk/node_modules/tslib": {
			"version": "1.14.1",
			"resolved": "https://registry.npmjs.org/tslib/-/tslib-1.14.1.tgz",
			"integrity": "sha512-Xni35NKzjgMrwevysHTCArtLDpPvye8zV/0E4EyYn43P7/7qvQwPh9BGkHewbMulVntbigmcT7rdX3BNo9wRJg=="
		},
		"node_modules/@descope/react-sdk": {
			"version": "0.0.0-next-c9382464-20240206",
			"resolved": "https://registry.npmjs.org/@descope/react-sdk/-/react-sdk-0.0.0-next-c9382464-20240206.tgz",
			"integrity": "sha512-Ij6uhFmNYkZZI0msk2zIz9ExHdNnik/JucM79MB0QsW+C/NRIVARB+yIgOcajKJgPFvQV5oxttg8KBs+V9XyxQ==",
			"dependencies": {
				"@descope/user-management-widget": "0.0.6",
				"@descope/web-component": "3.7.6"
			},
			"optionalDependencies": {
				"@descope/web-js-sdk": ">=1"
			},
			"peerDependencies": {
				"@types/react": ">=17",
				"react": ">=17"
			}
		},
		"node_modules/@descope/user-management-widget": {
			"version": "0.0.6",
			"resolved": "https://registry.npmjs.org/@descope/user-management-widget/-/user-management-widget-0.0.6.tgz",
			"integrity": "sha512-+1HBI2tTz7HKubjNLwNIqbNylLjJ9dWLl8YipHeREoptN3/7zegCN1KGKD3+Q3PCHadPpsVOmXNqc366Ojluzg==",
			"dependencies": {
				"@descope/web-js-sdk": "1.9.4",
				"@reduxjs/toolkit": "^2.0.1",
				"immer": "^10.0.3",
				"redux": "5.0.1",
				"redux-thunk": "3.1.0",
				"reselect": "5.0.1",
				"tslib": "2.6.2"
			}
		},
		"node_modules/@descope/user-management-widget/node_modules/@descope/core-js-sdk": {
			"version": "2.9.0",
			"resolved": "https://registry.npmjs.org/@descope/core-js-sdk/-/core-js-sdk-2.9.0.tgz",
			"integrity": "sha512-yZZIKRRyvLl/hpdDg1LPgZghfj4klkUyILTERWlBZh9vt8bIBzOqFrqkNcfDfVhxts15dYwlPMykQG8ssQ/Unw==",
			"dependencies": {
				"jwt-decode": "3.1.2",
				"lodash.get": "4.4.2"
			}
		},
		"node_modules/@descope/user-management-widget/node_modules/@descope/web-js-sdk": {
			"version": "1.9.4",
			"resolved": "https://registry.npmjs.org/@descope/web-js-sdk/-/web-js-sdk-1.9.4.tgz",
			"integrity": "sha512-woYrRJM6thoP0ZwiH6JCmchuo7kuSCCh/dLQVcKmM05hvvg7sVAqv1RM8HnFeLC2Mmyk8+vz92maVZ6WECVFOg==",
			"dependencies": {
				"@descope/core-js-sdk": "2.9.0",
				"@fingerprintjs/fingerprintjs-pro": "3.8.5",
				"js-cookie": "3.0.5",
				"tslib": "2.6.2"
			}
		},
		"node_modules/@descope/web-component": {
			"version": "3.7.6",
			"resolved": "https://registry.npmjs.org/@descope/web-component/-/web-component-3.7.6.tgz",
			"integrity": "sha512-sjRhvfnhv1Wph4jZmiA8U5A1KZWkOXn82TeYDE0Mo/qavY+McA79VShLRoQm5kGWH4b/pNWcMlXtb1ajJhdBNg==",
			"dependencies": {
				"@descope/web-js-sdk": "1.9.5",
				"tslib": "2.6.2"
			}
		},
		"node_modules/@descope/web-component/node_modules/@descope/core-js-sdk": {
			"version": "2.9.1",
			"resolved": "https://registry.npmjs.org/@descope/core-js-sdk/-/core-js-sdk-2.9.1.tgz",
			"integrity": "sha512-pnj390un0HbdIFDsVeHHWmwjsBx0sJOwrrsoyZEi4W7jBBUmOfKCq1Rs4oNQgjuklWHmjqQKFLIm+rafOH8z3w==",
			"dependencies": {
				"jwt-decode": "3.1.2",
				"lodash.get": "4.4.2"
			}
		},
		"node_modules/@descope/web-component/node_modules/@descope/web-js-sdk": {
			"version": "1.9.5",
			"resolved": "https://registry.npmjs.org/@descope/web-js-sdk/-/web-js-sdk-1.9.5.tgz",
			"integrity": "sha512-4i/1iHDC/B6U97Jyh9n6lFFnqi2apEVR8P9zkUToLn4luBlX/dX18QTlylZIjXaVtW29NkkRnpsoNGDwqsYLuQ==",
			"dependencies": {
				"@descope/core-js-sdk": "2.9.1",
				"@fingerprintjs/fingerprintjs-pro": "3.8.5",
				"js-cookie": "3.0.5",
				"tslib": "2.6.2"
			}
		},
		"node_modules/@descope/web-js-sdk": {
			"version": "1.10.0",
			"resolved": "https://registry.npmjs.org/@descope/web-js-sdk/-/web-js-sdk-1.10.0.tgz",
			"integrity": "sha512-YA0U4xTxKHDtyhKGT+Xf4T5IhGfybDctKgNx0uEriRfaKDgcQTmuF7NOL/GWiNc9SwocqbzsYDDBNr+MHg1LiQ==",
			"optional": true,
			"dependencies": {
				"@descope/core-js-sdk": "2.10.0",
				"@fingerprintjs/fingerprintjs-pro": "3.8.5",
				"js-cookie": "3.0.5",
				"tslib": "2.6.2"
			}
		},
		"node_modules/@descope/web-js-sdk/node_modules/@descope/core-js-sdk": {
			"version": "2.10.0",
			"resolved": "https://registry.npmjs.org/@descope/core-js-sdk/-/core-js-sdk-2.10.0.tgz",
			"integrity": "sha512-CzSRX9aVml4pEfBQrXfRlnDtALApjMawnKC7gDWRJ0stdRhokNSd5qIFF6z0FN/Y5pco/60PHmssaHAssVVs7g==",
			"optional": true,
			"dependencies": {
				"jwt-decode": "3.1.2",
				"lodash.get": "4.4.2"
			}
		},
		"node_modules/@fingerprintjs/fingerprintjs-pro": {
			"version": "3.8.5",
			"resolved": "https://registry.npmjs.org/@fingerprintjs/fingerprintjs-pro/-/fingerprintjs-pro-3.8.5.tgz",
			"integrity": "sha512-07bkz/BrQYIHh0FIQ8rMKx62IKu+gkZrUzNsoT1fLwYfnM0uk+s+XQXLeaDXGMGpHgkZSP4nPMAn+nkRfWy6ww==",
			"dependencies": {
				"tslib": "^2.4.1"
			}
		},
		"node_modules/@next/env": {
			"version": "13.5.3",
			"resolved": "https://registry.npmjs.org/@next/env/-/env-13.5.3.tgz",
			"integrity": "sha512-X4te86vsbjsB7iO4usY9jLPtZ827Mbx+WcwNBGUOIuswuTAKQtzsuoxc/6KLxCMvogKG795MhrR1LDhYgDvasg=="
		},
		"node_modules/@next/swc-darwin-arm64": {
			"version": "13.5.3",
			"resolved": "https://registry.npmjs.org/@next/swc-darwin-arm64/-/swc-darwin-arm64-13.5.3.tgz",
			"integrity": "sha512-6hiYNJxJmyYvvKGrVThzo4nTcqvqUTA/JvKim7Auaj33NexDqSNwN5YrrQu+QhZJCIpv2tULSHt+lf+rUflLSw==",
			"cpu": [
				"arm64"
			],
			"optional": true,
			"os": [
				"darwin"
			],
			"engines": {
				"node": ">= 10"
			}
		},
		"node_modules/@next/swc-darwin-x64": {
			"version": "13.5.3",
			"resolved": "https://registry.npmjs.org/@next/swc-darwin-x64/-/swc-darwin-x64-13.5.3.tgz",
			"integrity": "sha512-UpBKxu2ob9scbpJyEq/xPgpdrgBgN3aLYlxyGqlYX5/KnwpJpFuIHU2lx8upQQ7L+MEmz+fA1XSgesoK92ppwQ==",
			"cpu": [
				"x64"
			],
			"optional": true,
			"os": [
				"darwin"
			],
			"engines": {
				"node": ">= 10"
			}
		},
		"node_modules/@next/swc-linux-arm64-gnu": {
			"version": "13.5.3",
			"resolved": "https://registry.npmjs.org/@next/swc-linux-arm64-gnu/-/swc-linux-arm64-gnu-13.5.3.tgz",
			"integrity": "sha512-5AzM7Yx1Ky+oLY6pHs7tjONTF22JirDPd5Jw/3/NazJ73uGB05NqhGhB4SbeCchg7SlVYVBeRMrMSZwJwq/xoA==",
			"cpu": [
				"arm64"
			],
			"optional": true,
			"os": [
				"linux"
			],
			"engines": {
				"node": ">= 10"
			}
		},
		"node_modules/@next/swc-linux-arm64-musl": {
			"version": "13.5.3",
			"resolved": "https://registry.npmjs.org/@next/swc-linux-arm64-musl/-/swc-linux-arm64-musl-13.5.3.tgz",
			"integrity": "sha512-A/C1shbyUhj7wRtokmn73eBksjTM7fFQoY2v/0rTM5wehpkjQRLOXI8WJsag2uLhnZ4ii5OzR1rFPwoD9cvOgA==",
			"cpu": [
				"arm64"
			],
			"optional": true,
			"os": [
				"linux"
			],
			"engines": {
				"node": ">= 10"
			}
		},
		"node_modules/@next/swc-linux-x64-gnu": {
			"version": "13.5.3",
			"resolved": "https://registry.npmjs.org/@next/swc-linux-x64-gnu/-/swc-linux-x64-gnu-13.5.3.tgz",
			"integrity": "sha512-FubPuw/Boz8tKkk+5eOuDHOpk36F80rbgxlx4+xty/U71e3wZZxVYHfZXmf0IRToBn1Crb8WvLM9OYj/Ur815g==",
			"cpu": [
				"x64"
			],
			"optional": true,
			"os": [
				"linux"
			],
			"engines": {
				"node": ">= 10"
			}
		},
		"node_modules/@next/swc-linux-x64-musl": {
			"version": "13.5.3",
			"resolved": "https://registry.npmjs.org/@next/swc-linux-x64-musl/-/swc-linux-x64-musl-13.5.3.tgz",
			"integrity": "sha512-DPw8nFuM1uEpbX47tM3wiXIR0Qa+atSzs9Q3peY1urkhofx44o7E1svnq+a5Q0r8lAcssLrwiM+OyJJgV/oj7g==",
			"cpu": [
				"x64"
			],
			"optional": true,
			"os": [
				"linux"
			],
			"engines": {
				"node": ">= 10"
			}
		},
		"node_modules/@next/swc-win32-arm64-msvc": {
			"version": "13.5.3",
			"resolved": "https://registry.npmjs.org/@next/swc-win32-arm64-msvc/-/swc-win32-arm64-msvc-13.5.3.tgz",
			"integrity": "sha512-zBPSP8cHL51Gub/YV8UUePW7AVGukp2D8JU93IHbVDu2qmhFAn9LWXiOOLKplZQKxnIPUkJTQAJDCWBWU4UWUA==",
			"cpu": [
				"arm64"
			],
			"optional": true,
			"os": [
				"win32"
			],
			"engines": {
				"node": ">= 10"
			}
		},
		"node_modules/@next/swc-win32-ia32-msvc": {
			"version": "13.5.3",
			"resolved": "https://registry.npmjs.org/@next/swc-win32-ia32-msvc/-/swc-win32-ia32-msvc-13.5.3.tgz",
			"integrity": "sha512-ONcL/lYyGUj4W37D4I2I450SZtSenmFAvapkJQNIJhrPMhzDU/AdfLkW98NvH1D2+7FXwe7yclf3+B7v28uzBQ==",
			"cpu": [
				"ia32"
			],
			"optional": true,
			"os": [
				"win32"
			],
			"engines": {
				"node": ">= 10"
			}
		},
		"node_modules/@next/swc-win32-x64-msvc": {
			"version": "13.5.3",
			"resolved": "https://registry.npmjs.org/@next/swc-win32-x64-msvc/-/swc-win32-x64-msvc-13.5.3.tgz",
			"integrity": "sha512-2Vz2tYWaLqJvLcWbbTlJ5k9AN6JD7a5CN2pAeIzpbecK8ZF/yobA39cXtv6e+Z8c5UJuVOmaTldEAIxvsIux/Q==",
			"cpu": [
				"x64"
			],
			"optional": true,
			"os": [
				"win32"
			],
			"engines": {
				"node": ">= 10"
			}
		},
		"node_modules/@reduxjs/toolkit": {
			"version": "2.1.0",
			"resolved": "https://registry.npmjs.org/@reduxjs/toolkit/-/toolkit-2.1.0.tgz",
			"integrity": "sha512-nfJ/b4ZhzUevQ1ZPKjlDL6CMYxO4o7ZL7OSsvSOxzT/EN11LsBDgTqP7aedHtBrFSVoK7oTP1SbMWUwGb30NLg==",
			"dependencies": {
				"immer": "^10.0.3",
				"redux": "^5.0.1",
				"redux-thunk": "^3.1.0",
				"reselect": "^5.0.1"
			},
			"peerDependencies": {
				"react": "^16.9.0 || ^17.0.0 || ^18",
				"react-redux": "^7.2.1 || ^8.1.3 || ^9.0.0"
			},
			"peerDependenciesMeta": {
				"react": {
					"optional": true
				},
				"react-redux": {
					"optional": true
				}
			}
		},
		"node_modules/@swc/helpers": {
			"version": "0.5.2",
			"resolved": "https://registry.npmjs.org/@swc/helpers/-/helpers-0.5.2.tgz",
			"integrity": "sha512-E4KcWTpoLHqwPHLxidpOqQbcrZVgi0rsmmZXUle1jXmJfuIf/UWpczUJ7MZZ5tlxytgJXyp0w4PGkkeLiuIdZw==",
			"dependencies": {
				"tslib": "^2.4.0"
			}
		},
		"node_modules/@types/node": {
			"version": "20.11.16",
			"resolved": "https://registry.npmjs.org/@types/node/-/node-20.11.16.tgz",
			"integrity": "sha512-gKb0enTmRCzXSSUJDq6/sPcqrfCv2mkkG6Jt/clpn5eiCbKTY+SgZUxo+p8ZKMof5dCp9vHQUAB7wOUTod22wQ==",
			"dev": true,
			"dependencies": {
				"undici-types": "~5.26.4"
			}
		},
		"node_modules/@types/prop-types": {
			"version": "15.7.11",
			"resolved": "https://registry.npmjs.org/@types/prop-types/-/prop-types-15.7.11.tgz",
			"integrity": "sha512-ga8y9v9uyeiLdpKddhxYQkxNDrfvuPrlFb0N1qnZZByvcElJaXthF1UhvCh9TLWJBEHeNtdnbysW7Y6Uq8CVng==",
			"peer": true
		},
		"node_modules/@types/react": {
			"version": "18.2.55",
			"resolved": "https://registry.npmjs.org/@types/react/-/react-18.2.55.tgz",
			"integrity": "sha512-Y2Tz5P4yz23brwm2d7jNon39qoAtMMmalOQv6+fEFt1mT+FcM3D841wDpoUvFXhaYenuROCy3FZYqdTjM7qVyA==",
			"peer": true,
			"dependencies": {
				"@types/prop-types": "*",
				"@types/scheduler": "*",
				"csstype": "^3.0.2"
			}
		},
		"node_modules/@types/scheduler": {
			"version": "0.16.8",
			"resolved": "https://registry.npmjs.org/@types/scheduler/-/scheduler-0.16.8.tgz",
			"integrity": "sha512-WZLiwShhwLRmeV6zH+GkbOFT6Z6VklCItrDioxUnv+u4Ll+8vKeFySoFyK/0ctcRpOmwAicELfmys1sDc/Rw+A==",
			"peer": true
		},
		"node_modules/busboy": {
			"version": "1.6.0",
			"resolved": "https://registry.npmjs.org/busboy/-/busboy-1.6.0.tgz",
			"integrity": "sha512-8SFQbg/0hQ9xy3UNTB0YEnsNBbWfhf7RtnzpL7TkBiTBRfrQ9Fxcnz7VJsleJpyp6rVLvXiuORqjlHi5q+PYuA==",
			"dependencies": {
				"streamsearch": "^1.1.0"
			},
			"engines": {
				"node": ">=10.16.0"
			}
		},
		"node_modules/caniuse-lite": {
			"version": "1.0.30001541",
			"resolved": "https://registry.npmjs.org/caniuse-lite/-/caniuse-lite-1.0.30001541.tgz",
			"integrity": "sha512-bLOsqxDgTqUBkzxbNlSBt8annkDpQB9NdzdTbO2ooJ+eC/IQcvDspDc058g84ejCelF7vHUx57KIOjEecOHXaw==",
			"funding": [
				{
					"type": "opencollective",
					"url": "https://opencollective.com/browserslist"
				},
				{
					"type": "tidelift",
					"url": "https://tidelift.com/funding/github/npm/caniuse-lite"
				},
				{
					"type": "github",
					"url": "https://github.com/sponsors/ai"
				}
			]
		},
		"node_modules/client-only": {
			"version": "0.0.1",
			"resolved": "https://registry.npmjs.org/client-only/-/client-only-0.0.1.tgz",
			"integrity": "sha512-IV3Ou0jSMzZrd3pZ48nLkT9DA7Ag1pnPzaiQhpW7c3RbcqqzvzzVu+L8gfqMp/8IM2MQtSiqaCxrrcfu8I8rMA=="
		},
		"node_modules/cross-fetch": {
			"version": "4.0.0",
			"resolved": "https://registry.npmjs.org/cross-fetch/-/cross-fetch-4.0.0.tgz",
			"integrity": "sha512-e4a5N8lVvuLgAWgnCrLr2PP0YyDOTHa9H/Rj54dirp61qXnNq46m82bRhNqIA5VccJtWBvPTFRV3TtvHUKPB1g==",
			"dependencies": {
				"node-fetch": "^2.6.12"
			}
		},
		"node_modules/csstype": {
			"version": "3.1.3",
			"resolved": "https://registry.npmjs.org/csstype/-/csstype-3.1.3.tgz",
			"integrity": "sha512-M1uQkMl8rQK/szD0LNhtqxIPLpimGm8sOBwU7lLnCpSbTyY3yeU1Vc7l4KT5zT4s/yOxHH5O7tIuuLOCnLADRw==",
			"peer": true
		},
		"node_modules/glob-to-regexp": {
			"version": "0.4.1",
			"resolved": "https://registry.npmjs.org/glob-to-regexp/-/glob-to-regexp-0.4.1.tgz",
			"integrity": "sha512-lkX1HJXwyMcprw/5YUZc2s7DrpAiHB21/V+E1rHUrVNokkvB6bqMzT0VfV6/86ZNabt1k14YOIaT7nDvOX3Iiw=="
		},
		"node_modules/graceful-fs": {
			"version": "4.2.11",
			"resolved": "https://registry.npmjs.org/graceful-fs/-/graceful-fs-4.2.11.tgz",
			"integrity": "sha512-RbJ5/jmFcNNCcDV5o9eTnBLJ/HszWV0P73bc+Ff4nS/rJj+YaS6IGyiOL0VoBYX+l1Wrl3k63h/KrH+nhJ0XvQ=="
		},
		"node_modules/immer": {
			"version": "10.0.3",
			"resolved": "https://registry.npmjs.org/immer/-/immer-10.0.3.tgz",
			"integrity": "sha512-pwupu3eWfouuaowscykeckFmVTpqbzW+rXFCX8rQLkZzM9ftBmU/++Ra+o+L27mz03zJTlyV4UUr+fdKNffo4A==",
			"funding": {
				"type": "opencollective",
				"url": "https://opencollective.com/immer"
			}
		},
		"node_modules/jose": {
			"version": "4.15.4",
			"resolved": "https://registry.npmjs.org/jose/-/jose-4.15.4.tgz",
			"integrity": "sha512-W+oqK4H+r5sITxfxpSU+MMdr/YSWGvgZMQDIsNoBDGGy4i7GBPTtvFKibQzW06n3U3TqHjhvBJsirShsEJ6eeQ==",
			"funding": {
				"url": "https://github.com/sponsors/panva"
			}
		},
		"node_modules/js-cookie": {
			"version": "3.0.5",
			"resolved": "https://registry.npmjs.org/js-cookie/-/js-cookie-3.0.5.tgz",
			"integrity": "sha512-cEiJEAEoIbWfCZYKWhVwFuvPX1gETRYPw6LlaTKoxD3s2AkXzkCjnp6h0V77ozyqj0jakteJ4YqDJT830+lVGw==",
			"engines": {
				"node": ">=14"
			}
		},
		"node_modules/js-tokens": {
			"version": "4.0.0",
			"resolved": "https://registry.npmjs.org/js-tokens/-/js-tokens-4.0.0.tgz",
			"integrity": "sha512-RdJUflcE3cUzKiMqQgsCu06FPu9UdIJO0beYbPhHN4k6apgJtifcoCtT9bcxOpYBtpD2kCM6Sbzg4CausW/PKQ=="
		},
		"node_modules/jwt-decode": {
			"version": "3.1.2",
			"resolved": "https://registry.npmjs.org/jwt-decode/-/jwt-decode-3.1.2.tgz",
			"integrity": "sha512-UfpWE/VZn0iP50d8cz9NrZLM9lSWhcJ+0Gt/nm4by88UL+J1SiKN8/5dkjMmbEzwL2CAe+67GsegCbIKtbp75A=="
		},
		"node_modules/lodash.get": {
			"version": "4.4.2",
			"resolved": "https://registry.npmjs.org/lodash.get/-/lodash.get-4.4.2.tgz",
			"integrity": "sha512-z+Uw/vLuy6gQe8cfaFWD7p0wVv8fJl3mbzXh33RS+0oW2wvUqiRXiQ69gLWSLpgB5/6sU+r6BlQR0MBILadqTQ=="
		},
		"node_modules/loose-envify": {
			"version": "1.4.0",
			"resolved": "https://registry.npmjs.org/loose-envify/-/loose-envify-1.4.0.tgz",
			"integrity": "sha512-lyuxPGr/Wfhrlem2CL/UcnUc1zcqKAImBDzukY7Y5F/yQiNdko6+fRLevlw1HgMySw7f611UIY408EtxRSoK3Q==",
			"dependencies": {
				"js-tokens": "^3.0.0 || ^4.0.0"
			},
			"bin": {
				"loose-envify": "cli.js"
			}
		},
		"node_modules/nanoid": {
			"version": "3.3.6",
			"resolved": "https://registry.npmjs.org/nanoid/-/nanoid-3.3.6.tgz",
			"integrity": "sha512-BGcqMMJuToF7i1rt+2PWSNVnWIkGCU78jBG3RxO/bZlnZPK2Cmi2QaffxGO/2RvWi9sL+FAiRiXMgsyxQ1DIDA==",
			"funding": [
				{
					"type": "github",
					"url": "https://github.com/sponsors/ai"
				}
			],
			"bin": {
				"nanoid": "bin/nanoid.cjs"
			},
			"engines": {
				"node": "^10 || ^12 || ^13.7 || ^14 || >=15.0.1"
			}
		},
		"node_modules/next": {
			"version": "13.5.3",
			"resolved": "https://registry.npmjs.org/next/-/next-13.5.3.tgz",
			"integrity": "sha512-4Nt4HRLYDW/yRpJ/QR2t1v63UOMS55A38dnWv3UDOWGezuY0ZyFO1ABNbD7mulVzs9qVhgy2+ppjdsANpKP1mg==",
			"dependencies": {
				"@next/env": "13.5.3",
				"@swc/helpers": "0.5.2",
				"busboy": "1.6.0",
				"caniuse-lite": "^1.0.30001406",
				"postcss": "8.4.14",
				"styled-jsx": "5.1.1",
				"watchpack": "2.4.0",
				"zod": "3.21.4"
			},
			"bin": {
				"next": "dist/bin/next"
			},
			"engines": {
				"node": ">=16.14.0"
			},
			"optionalDependencies": {
				"@next/swc-darwin-arm64": "13.5.3",
				"@next/swc-darwin-x64": "13.5.3",
				"@next/swc-linux-arm64-gnu": "13.5.3",
				"@next/swc-linux-arm64-musl": "13.5.3",
				"@next/swc-linux-x64-gnu": "13.5.3",
				"@next/swc-linux-x64-musl": "13.5.3",
				"@next/swc-win32-arm64-msvc": "13.5.3",
				"@next/swc-win32-ia32-msvc": "13.5.3",
				"@next/swc-win32-x64-msvc": "13.5.3"
			},
			"peerDependencies": {
				"@opentelemetry/api": "^1.1.0",
				"react": "^18.2.0",
				"react-dom": "^18.2.0",
				"sass": "^1.3.0"
			},
			"peerDependenciesMeta": {
				"@opentelemetry/api": {
					"optional": true
				},
				"sass": {
					"optional": true
				}
			}
		},
		"node_modules/node-fetch": {
			"version": "2.7.0",
			"resolved": "https://registry.npmjs.org/node-fetch/-/node-fetch-2.7.0.tgz",
			"integrity": "sha512-c4FRfUm/dbcWZ7U+1Wq0AwCyFL+3nt2bEw05wfxSz+DWpWsitgmSgYmy2dQdWyKC1694ELPqMs/YzUSNozLt8A==",
			"dependencies": {
				"whatwg-url": "^5.0.0"
			},
			"engines": {
				"node": "4.x || >=6.0.0"
			},
			"peerDependencies": {
				"encoding": "^0.1.0"
			},
			"peerDependenciesMeta": {
				"encoding": {
					"optional": true
				}
			}
		},
		"node_modules/picocolors": {
			"version": "1.0.0",
			"resolved": "https://registry.npmjs.org/picocolors/-/picocolors-1.0.0.tgz",
			"integrity": "sha512-1fygroTLlHu66zi26VoTDv8yRgm0Fccecssto+MhsZ0D/DGW2sm8E8AjW7NU5VVTRt5GxbeZ5qBuJr+HyLYkjQ=="
		},
		"node_modules/postcss": {
			"version": "8.4.14",
			"resolved": "https://registry.npmjs.org/postcss/-/postcss-8.4.14.tgz",
			"integrity": "sha512-E398TUmfAYFPBSdzgeieK2Y1+1cpdxJx8yXbK/m57nRhKSmk1GB2tO4lbLBtlkfPQTDKfe4Xqv1ASWPpayPEig==",
			"funding": [
				{
					"type": "opencollective",
					"url": "https://opencollective.com/postcss/"
				},
				{
					"type": "tidelift",
					"url": "https://tidelift.com/funding/github/npm/postcss"
				}
			],
			"dependencies": {
				"nanoid": "^3.3.4",
				"picocolors": "^1.0.0",
				"source-map-js": "^1.0.2"
			},
			"engines": {
				"node": "^10 || ^12 || >=14"
			}
		},
		"node_modules/react": {
			"version": "18.2.0",
			"resolved": "https://registry.npmjs.org/react/-/react-18.2.0.tgz",
			"integrity": "sha512-/3IjMdb2L9QbBdWiW5e3P2/npwMBaU9mHCSCUzNln0ZCYbcfTsGbTJrU/kGemdH2IWmB2ioZ+zkxtmq6g09fGQ==",
			"dependencies": {
				"loose-envify": "^1.1.0"
			},
			"engines": {
				"node": ">=0.10.0"
			}
		},
		"node_modules/react-dom": {
			"version": "18.2.0",
			"resolved": "https://registry.npmjs.org/react-dom/-/react-dom-18.2.0.tgz",
			"integrity": "sha512-6IMTriUmvsjHUjNtEDudZfuDQUoWXVxKHhlEGSk81n4YFS+r/Kl99wXiwlVXtPBtJenozv2P+hxDsw9eA7Xo6g==",
			"dependencies": {
				"loose-envify": "^1.1.0",
				"scheduler": "^0.23.0"
			},
			"peerDependencies": {
				"react": "^18.2.0"
			}
		},
		"node_modules/redux": {
			"version": "5.0.1",
			"resolved": "https://registry.npmjs.org/redux/-/redux-5.0.1.tgz",
			"integrity": "sha512-M9/ELqF6fy8FwmkpnF0S3YKOqMyoWJ4+CS5Efg2ct3oY9daQvd/Pc71FpGZsVsbl3Cpb+IIcjBDUnnyBdQbq4w=="
		},
		"node_modules/redux-thunk": {
			"version": "3.1.0",
			"resolved": "https://registry.npmjs.org/redux-thunk/-/redux-thunk-3.1.0.tgz",
			"integrity": "sha512-NW2r5T6ksUKXCabzhL9z+h206HQw/NJkcLm1GPImRQ8IzfXwRGqjVhKJGauHirT0DAuyy6hjdnMZaRoAcy0Klw==",
			"peerDependencies": {
				"redux": "^5.0.0"
			}
		},
		"node_modules/reselect": {
			"version": "5.0.1",
			"resolved": "https://registry.npmjs.org/reselect/-/reselect-5.0.1.tgz",
			"integrity": "sha512-D72j2ubjgHpvuCiORWkOUxndHJrxDaSolheiz5CO+roz8ka97/4msh2E8F5qay4GawR5vzBt5MkbDHT+Rdy/Wg=="
		},
		"node_modules/scheduler": {
			"version": "0.23.0",
			"resolved": "https://registry.npmjs.org/scheduler/-/scheduler-0.23.0.tgz",
			"integrity": "sha512-CtuThmgHNg7zIZWAXi3AsyIzA3n4xx7aNyjwC2VJldO2LMVDhFK+63xGqq6CsJH4rTAt6/M+N4GhZiDYPx9eUw==",
			"dependencies": {
				"loose-envify": "^1.1.0"
			}
		},
		"node_modules/source-map-js": {
			"version": "1.0.2",
			"resolved": "https://registry.npmjs.org/source-map-js/-/source-map-js-1.0.2.tgz",
			"integrity": "sha512-R0XvVJ9WusLiqTCEiGCmICCMplcCkIwwR11mOSD9CR5u+IXYdiseeEuXCVAjS54zqwkLcPNnmU4OeJ6tUrWhDw==",
			"engines": {
				"node": ">=0.10.0"
			}
		},
		"node_modules/streamsearch": {
			"version": "1.1.0",
			"resolved": "https://registry.npmjs.org/streamsearch/-/streamsearch-1.1.0.tgz",
			"integrity": "sha512-Mcc5wHehp9aXz1ax6bZUyY5afg9u2rv5cqQI3mRrYkGC8rW2hM02jWuwjtL++LS5qinSyhj2QfLyNsuc+VsExg==",
			"engines": {
				"node": ">=10.0.0"
			}
		},
		"node_modules/styled-jsx": {
			"version": "5.1.1",
			"resolved": "https://registry.npmjs.org/styled-jsx/-/styled-jsx-5.1.1.tgz",
			"integrity": "sha512-pW7uC1l4mBZ8ugbiZrcIsiIvVx1UmTfw7UkC3Um2tmfUq9Bhk8IiyEIPl6F8agHgjzku6j0xQEZbfA5uSgSaCw==",
			"dependencies": {
				"client-only": "0.0.1"
			},
			"engines": {
				"node": ">= 12.0.0"
			},
			"peerDependencies": {
				"react": ">= 16.8.0 || 17.x.x || ^18.0.0-0"
			},
			"peerDependenciesMeta": {
				"@babel/core": {
					"optional": true
				},
				"babel-plugin-macros": {
					"optional": true
				}
			}
		},
		"node_modules/tr46": {
			"version": "0.0.3",
			"resolved": "https://registry.npmjs.org/tr46/-/tr46-0.0.3.tgz",
			"integrity": "sha512-N3WMsuqV66lT30CrXNbEjx4GEwlow3v6rr4mCcv6prnfwhS01rkgyFdjPNBYd9br7LpXV1+Emh01fHnq2Gdgrw=="
		},
		"node_modules/tslib": {
			"version": "2.6.2",
			"resolved": "https://registry.npmjs.org/tslib/-/tslib-2.6.2.tgz",
			"integrity": "sha512-AEYxH93jGFPn/a2iVAwW87VuUIkR1FVUKB77NwMF7nBTDkDrrT/Hpt/IrCJ0QXhW27jTBDcf5ZY7w6RiqTMw2Q=="
		},
		"node_modules/typescript": {
			"version": "5.3.3",
			"resolved": "https://registry.npmjs.org/typescript/-/typescript-5.3.3.tgz",
			"integrity": "sha512-pXWcraxM0uxAS+tN0AG/BF2TyqmHO014Z070UsJ+pFvYuRSq8KH8DmWpnbXe0pEPDHXZV3FcAbJkijJ5oNEnWw==",
			"dev": true,
			"bin": {
				"tsc": "bin/tsc",
				"tsserver": "bin/tsserver"
			},
			"engines": {
				"node": ">=14.17"
			}
		},
		"node_modules/undici-types": {
			"version": "5.26.5",
			"resolved": "https://registry.npmjs.org/undici-types/-/undici-types-5.26.5.tgz",
			"integrity": "sha512-JlCMO+ehdEIKqlFxk6IfVoAUVmgz7cU7zD/h9XZ0qzeosSHmUJVOzSQvvYSYWXkFXC+IfLKSIffhv0sVZup6pA==",
			"dev": true
		},
		"node_modules/watchpack": {
			"version": "2.4.0",
			"resolved": "https://registry.npmjs.org/watchpack/-/watchpack-2.4.0.tgz",
			"integrity": "sha512-Lcvm7MGST/4fup+ifyKi2hjyIAwcdI4HRgtvTpIUxBRhB+RFtUh8XtDOxUfctVCnhVi+QQj49i91OyvzkJl6cg==",
			"dependencies": {
				"glob-to-regexp": "^0.4.1",
				"graceful-fs": "^4.1.2"
			},
			"engines": {
				"node": ">=10.13.0"
			}
		},
		"node_modules/webidl-conversions": {
			"version": "3.0.1",
			"resolved": "https://registry.npmjs.org/webidl-conversions/-/webidl-conversions-3.0.1.tgz",
			"integrity": "sha512-2JAn3z8AR6rjK8Sm8orRC0h/bcl/DqL7tRPdGZ4I1CjdF+EaMLmYxBHyXuKL849eucPFhvBoxMsflfOb8kxaeQ=="
		},
		"node_modules/whatwg-url": {
			"version": "5.0.0",
			"resolved": "https://registry.npmjs.org/whatwg-url/-/whatwg-url-5.0.0.tgz",
			"integrity": "sha512-saE57nupxk6v3HY35+jzBwYa0rKSy0XR8JSxZPwgLr7ys0IBzhGviA1/TUGJLmSVqs8pb9AnvICXEuOHLprYTw==",
			"dependencies": {
				"tr46": "~0.0.3",
				"webidl-conversions": "^3.0.0"
			}
		},
		"node_modules/zod": {
			"version": "3.21.4",
			"resolved": "https://registry.npmjs.org/zod/-/zod-3.21.4.tgz",
			"integrity": "sha512-m46AKbrzKVzOzs/DZgVnG5H55N1sv1M8qZU3A8RIKbs3mrACDNeIOeilDymVb2HdmP8uwshOCF4uJ8uM9rCqJw==",
			"funding": {
				"url": "https://github.com/sponsors/colinhacks"
			}
		}
	}
}
